// !$*UTF8*$!
{
	archiveVersion = 1;
	classes = {
	};
	objectVersion = 50;
	objects = {

/* Begin PBXBuildFile section */
		04ED608C26B58B4E00755FAA /* AppDelegate.swift in Sources */ = {isa = PBXBuildFile; fileRef = 04ED608B26B58B4E00755FAA /* AppDelegate.swift */; };
		04ED608E26B58B4E00755FAA /* SceneDelegate.swift in Sources */ = {isa = PBXBuildFile; fileRef = 04ED608D26B58B4E00755FAA /* SceneDelegate.swift */; };
		04ED609026B58B4E00755FAA /* ViewController.swift in Sources */ = {isa = PBXBuildFile; fileRef = 04ED608F26B58B4E00755FAA /* ViewController.swift */; };
		04ED609326B58B4E00755FAA /* Main.storyboard in Resources */ = {isa = PBXBuildFile; fileRef = 04ED609126B58B4E00755FAA /* Main.storyboard */; };
		04ED609526B58B5200755FAA /* Assets.xcassets in Resources */ = {isa = PBXBuildFile; fileRef = 04ED609426B58B5200755FAA /* Assets.xcassets */; };
		04ED609826B58B5200755FAA /* LaunchScreen.storyboard in Resources */ = {isa = PBXBuildFile; fileRef = 04ED609626B58B5200755FAA /* LaunchScreen.storyboard */; };
		04ED60A326B58B5200755FAA /* PikaTableView2Tests.swift in Sources */ = {isa = PBXBuildFile; fileRef = 04ED60A226B58B5200755FAA /* PikaTableView2Tests.swift */; };
		04ED60AE26B58B5200755FAA /* PikaTableView2UITests.swift in Sources */ = {isa = PBXBuildFile; fileRef = 04ED60AD26B58B5200755FAA /* PikaTableView2UITests.swift */; };
/* End PBXBuildFile section */

/* Begin PBXContainerItemProxy section */
		04ED609F26B58B5200755FAA /* PBXContainerItemProxy */ = {
			isa = PBXContainerItemProxy;
			containerPortal = 04ED608026B58B4E00755FAA /* Project object */;
			proxyType = 1;
			remoteGlobalIDString = 04ED608726B58B4E00755FAA;
			remoteInfo = PikaTableView2;
		};
		04ED60AA26B58B5200755FAA /* PBXContainerItemProxy */ = {
			isa = PBXContainerItemProxy;
			containerPortal = 04ED608026B58B4E00755FAA /* Project object */;
			proxyType = 1;
			remoteGlobalIDString = 04ED608726B58B4E00755FAA;
			remoteInfo = PikaTableView2;
		};
/* End PBXContainerItemProxy section */

/* Begin PBXFileReference section */
		04ED608826B58B4E00755FAA /* PikaTableView2.app */ = {isa = PBXFileReference; explicitFileType = wrapper.application; includeInIndex = 0; path = PikaTableView2.app; sourceTree = BUILT_PRODUCTS_DIR; };
		04ED608B26B58B4E00755FAA /* AppDelegate.swift */ = {isa = PBXFileReference; lastKnownFileType = sourcecode.swift; path = AppDelegate.swift; sourceTree = "<group>"; };
		04ED608D26B58B4E00755FAA /* SceneDelegate.swift */ = {isa = PBXFileReference; lastKnownFileType = sourcecode.swift; path = SceneDelegate.swift; sourceTree = "<group>"; };
		04ED608F26B58B4E00755FAA /* ViewController.swift */ = {isa = PBXFileReference; lastKnownFileType = sourcecode.swift; path = ViewController.swift; sourceTree = "<group>"; };
		04ED609226B58B4E00755FAA /* Base */ = {isa = PBXFileReference; lastKnownFileType = file.storyboard; name = Base; path = Base.lproj/Main.storyboard; sourceTree = "<group>"; };
		04ED609426B58B5200755FAA /* Assets.xcassets */ = {isa = PBXFileReference; lastKnownFileType = folder.assetcatalog; path = Assets.xcassets; sourceTree = "<group>"; };
		04ED609726B58B5200755FAA /* Base */ = {isa = PBXFileReference; lastKnownFileType = file.storyboard; name = Base; path = Base.lproj/LaunchScreen.storyboard; sourceTree = "<group>"; };
		04ED609926B58B5200755FAA /* Info.plist */ = {isa = PBXFileReference; lastKnownFileType = text.plist.xml; path = Info.plist; sourceTree = "<group>"; };
		04ED609E26B58B5200755FAA /* PikaTableView2Tests.xctest */ = {isa = PBXFileReference; explicitFileType = wrapper.cfbundle; includeInIndex = 0; path = PikaTableView2Tests.xctest; sourceTree = BUILT_PRODUCTS_DIR; };
		04ED60A226B58B5200755FAA /* PikaTableView2Tests.swift */ = {isa = PBXFileReference; lastKnownFileType = sourcecode.swift; path = PikaTableView2Tests.swift; sourceTree = "<group>"; };
		04ED60A426B58B5200755FAA /* Info.plist */ = {isa = PBXFileReference; lastKnownFileType = text.plist.xml; path = Info.plist; sourceTree = "<group>"; };
		04ED60A926B58B5200755FAA /* PikaTableView2UITests.xctest */ = {isa = PBXFileReference; explicitFileType = wrapper.cfbundle; includeInIndex = 0; path = PikaTableView2UITests.xctest; sourceTree = BUILT_PRODUCTS_DIR; };
		04ED60AD26B58B5200755FAA /* PikaTableView2UITests.swift */ = {isa = PBXFileReference; lastKnownFileType = sourcecode.swift; path = PikaTableView2UITests.swift; sourceTree = "<group>"; };
		04ED60AF26B58B5200755FAA /* Info.plist */ = {isa = PBXFileReference; lastKnownFileType = text.plist.xml; path = Info.plist; sourceTree = "<group>"; };
/* End PBXFileReference section */

/* Begin PBXFrameworksBuildPhase section */
		04ED608526B58B4E00755FAA /* Frameworks */ = {
			isa = PBXFrameworksBuildPhase;
			buildActionMask = 2147483647;
			files = (
			);
			runOnlyForDeploymentPostprocessing = 0;
		};
		04ED609B26B58B5200755FAA /* Frameworks */ = {
			isa = PBXFrameworksBuildPhase;
			buildActionMask = 2147483647;
			files = (
			);
			runOnlyForDeploymentPostprocessing = 0;
		};
		04ED60A626B58B5200755FAA /* Frameworks */ = {
			isa = PBXFrameworksBuildPhase;
			buildActionMask = 2147483647;
			files = (
			);
			runOnlyForDeploymentPostprocessing = 0;
		};
/* End PBXFrameworksBuildPhase section */

/* Begin PBXGroup section */
		04ED607F26B58B4E00755FAA = {
			isa = PBXGroup;
			children = (
				04ED608A26B58B4E00755FAA /* PikaTableView2 */,
				04ED60A126B58B5200755FAA /* PikaTableView2Tests */,
				04ED60AC26B58B5200755FAA /* PikaTableView2UITests */,
				04ED608926B58B4E00755FAA /* Products */,
			);
			sourceTree = "<group>";
		};
		04ED608926B58B4E00755FAA /* Products */ = {
			isa = PBXGroup;
			children = (
				04ED608826B58B4E00755FAA /* PikaTableView2.app */,
				04ED609E26B58B5200755FAA /* PikaTableView2Tests.xctest */,
				04ED60A926B58B5200755FAA /* PikaTableView2UITests.xctest */,
			);
			name = Products;
			sourceTree = "<group>";
		};
		04ED608A26B58B4E00755FAA /* PikaTableView2 */ = {
			isa = PBXGroup;
			children = (
				04ED608B26B58B4E00755FAA /* AppDelegate.swift */,
				04ED608D26B58B4E00755FAA /* SceneDelegate.swift */,
				04ED608F26B58B4E00755FAA /* ViewController.swift */,
				04ED609126B58B4E00755FAA /* Main.storyboard */,
				04ED609426B58B5200755FAA /* Assets.xcassets */,
				04ED609626B58B5200755FAA /* LaunchScreen.storyboard */,
				04ED609926B58B5200755FAA /* Info.plist */,
			);
			path = PikaTableView2;
			sourceTree = "<group>";
		};
		04ED60A126B58B5200755FAA /* PikaTableView2Tests */ = {
			isa = PBXGroup;
			children = (
				04ED60A226B58B5200755FAA /* PikaTableView2Tests.swift */,
				04ED60A426B58B5200755FAA /* Info.plist */,
			);
			path = PikaTableView2Tests;
			sourceTree = "<group>";
		};
		04ED60AC26B58B5200755FAA /* PikaTableView2UITests */ = {
			isa = PBXGroup;
			children = (
				04ED60AD26B58B5200755FAA /* PikaTableView2UITests.swift */,
				04ED60AF26B58B5200755FAA /* Info.plist */,
			);
			path = PikaTableView2UITests;
			sourceTree = "<group>";
		};
/* End PBXGroup section */

/* Begin PBXNativeTarget section */
		04ED608726B58B4E00755FAA /* PikaTableView2 */ = {
			isa = PBXNativeTarget;
			buildConfigurationList = 04ED60B226B58B5200755FAA /* Build configuration list for PBXNativeTarget "PikaTableView2" */;
			buildPhases = (
				04ED608426B58B4E00755FAA /* Sources */,
				04ED608526B58B4E00755FAA /* Frameworks */,
				04ED608626B58B4E00755FAA /* Resources */,
			);
			buildRules = (
			);
			dependencies = (
			);
			name = PikaTableView2;
			productName = PikaTableView2;
			productReference = 04ED608826B58B4E00755FAA /* PikaTableView2.app */;
			productType = "com.apple.product-type.application";
		};
		04ED609D26B58B5200755FAA /* PikaTableView2Tests */ = {
			isa = PBXNativeTarget;
			buildConfigurationList = 04ED60B526B58B5200755FAA /* Build configuration list for PBXNativeTarget "PikaTableView2Tests" */;
			buildPhases = (
				04ED609A26B58B5200755FAA /* Sources */,
				04ED609B26B58B5200755FAA /* Frameworks */,
				04ED609C26B58B5200755FAA /* Resources */,
			);
			buildRules = (
			);
			dependencies = (
				04ED60A026B58B5200755FAA /* PBXTargetDependency */,
			);
			name = PikaTableView2Tests;
			productName = PikaTableView2Tests;
			productReference = 04ED609E26B58B5200755FAA /* PikaTableView2Tests.xctest */;
			productType = "com.apple.product-type.bundle.unit-test";
		};
		04ED60A826B58B5200755FAA /* PikaTableView2UITests */ = {
			isa = PBXNativeTarget;
			buildConfigurationList = 04ED60B826B58B5200755FAA /* Build configuration list for PBXNativeTarget "PikaTableView2UITests" */;
			buildPhases = (
				04ED60A526B58B5200755FAA /* Sources */,
				04ED60A626B58B5200755FAA /* Frameworks */,
				04ED60A726B58B5200755FAA /* Resources */,
			);
			buildRules = (
			);
			dependencies = (
				04ED60AB26B58B5200755FAA /* PBXTargetDependency */,
			);
			name = PikaTableView2UITests;
			productName = PikaTableView2UITests;
			productReference = 04ED60A926B58B5200755FAA /* PikaTableView2UITests.xctest */;
			productType = "com.apple.product-type.bundle.ui-testing";
		};
/* End PBXNativeTarget section */

/* Begin PBXProject section */
		04ED608026B58B4E00755FAA /* Project object */ = {
			isa = PBXProject;
			attributes = {
				LastSwiftUpdateCheck = 1220;
				LastUpgradeCheck = 1220;
				TargetAttributes = {
					04ED608726B58B4E00755FAA = {
						CreatedOnToolsVersion = 12.2;
					};
					04ED609D26B58B5200755FAA = {
						CreatedOnToolsVersion = 12.2;
						TestTargetID = 04ED608726B58B4E00755FAA;
					};
					04ED60A826B58B5200755FAA = {
						CreatedOnToolsVersion = 12.2;
						TestTargetID = 04ED608726B58B4E00755FAA;
					};
				};
			};
			buildConfigurationList = 04ED608326B58B4E00755FAA /* Build configuration list for PBXProject "PikaTableView2" */;
			compatibilityVersion = "Xcode 9.3";
			developmentRegion = en;
			hasScannedForEncodings = 0;
			knownRegions = (
				en,
				Base,
			);
			mainGroup = 04ED607F26B58B4E00755FAA;
			productRefGroup = 04ED608926B58B4E00755FAA /* Products */;
			projectDirPath = "";
			projectRoot = "";
			targets = (
				04ED608726B58B4E00755FAA /* PikaTableView2 */,
				04ED609D26B58B5200755FAA /* PikaTableView2Tests */,
				04ED60A826B58B5200755FAA /* PikaTableView2UITests */,
			);
		};
/* End PBXProject section */

/* Begin PBXResourcesBuildPhase section */
		04ED608626B58B4E00755FAA /* Resources */ = {
			isa = PBXResourcesBuildPhase;
			buildActionMask = 2147483647;
			files = (
				04ED609826B58B5200755FAA /* LaunchScreen.storyboard in Resources */,
				04ED609526B58B5200755FAA /* Assets.xcassets in Resources */,
				04ED609326B58B4E00755FAA /* Main.storyboard in Resources */,
			);
			runOnlyForDeploymentPostprocessing = 0;
		};
		04ED609C26B58B5200755FAA /* Resources */ = {
			isa = PBXResourcesBuildPhase;
			buildActionMask = 2147483647;
			files = (
			);
			runOnlyForDeploymentPostprocessing = 0;
		};
		04ED60A726B58B5200755FAA /* Resources */ = {
			isa = PBXResourcesBuildPhase;
			buildActionMask = 2147483647;
			files = (
			);
			runOnlyForDeploymentPostprocessing = 0;
		};
/* End PBXResourcesBuildPhase section */

/* Begin PBXSourcesBuildPhase section */
		04ED608426B58B4E00755FAA /* Sources */ = {
			isa = PBXSourcesBuildPhase;
			buildActionMask = 2147483647;
			files = (
				04ED609026B58B4E00755FAA /* ViewController.swift in Sources */,
				04ED608C26B58B4E00755FAA /* AppDelegate.swift in Sources */,
				04ED608E26B58B4E00755FAA /* SceneDelegate.swift in Sources */,
			);
			runOnlyForDeploymentPostprocessing = 0;
		};
		04ED609A26B58B5200755FAA /* Sources */ = {
			isa = PBXSourcesBuildPhase;
			buildActionMask = 2147483647;
			files = (
				04ED60A326B58B5200755FAA /* PikaTableView2Tests.swift in Sources */,
			);
			runOnlyForDeploymentPostprocessing = 0;
		};
		04ED60A526B58B5200755FAA /* Sources */ = {
			isa = PBXSourcesBuildPhase;
			buildActionMask = 2147483647;
			files = (
				04ED60AE26B58B5200755FAA /* PikaTableView2UITests.swift in Sources */,
			);
			runOnlyForDeploymentPostprocessing = 0;
		};
/* End PBXSourcesBuildPhase section */

/* Begin PBXTargetDependency section */
		04ED60A026B58B5200755FAA /* PBXTargetDependency */ = {
			isa = PBXTargetDependency;
			target = 04ED608726B58B4E00755FAA /* PikaTableView2 */;
			targetProxy = 04ED609F26B58B5200755FAA /* PBXContainerItemProxy */;
		};
		04ED60AB26B58B5200755FAA /* PBXTargetDependency */ = {
			isa = PBXTargetDependency;
			target = 04ED608726B58B4E00755FAA /* PikaTableView2 */;
			targetProxy = 04ED60AA26B58B5200755FAA /* PBXContainerItemProxy */;
		};
/* End PBXTargetDependency section */

/* Begin PBXVariantGroup section */
		04ED609126B58B4E00755FAA /* Main.storyboard */ = {
			isa = PBXVariantGroup;
			children = (
				04ED609226B58B4E00755FAA /* Base */,
			);
			name = Main.storyboard;
			sourceTree = "<group>";
		};
		04ED609626B58B5200755FAA /* LaunchScreen.storyboard */ = {
			isa = PBXVariantGroup;
			children = (
				04ED609726B58B5200755FAA /* Base */,
			);
			name = LaunchScreen.storyboard;
			sourceTree = "<group>";
		};
/* End PBXVariantGroup section */

/* Begin XCBuildConfiguration section */
		04ED60B026B58B5200755FAA /* Debug */ = {
			isa = XCBuildConfiguration;
			buildSettings = {
				ALWAYS_SEARCH_USER_PATHS = NO;
				CLANG_ANALYZER_NONNULL = YES;
				CLANG_ANALYZER_NUMBER_OBJECT_CONVERSION = YES_AGGRESSIVE;
				CLANG_CXX_LANGUAGE_STANDARD = "gnu++14";
				CLANG_CXX_LIBRARY = "libc++";
				CLANG_ENABLE_MODULES = YES;
				CLANG_ENABLE_OBJC_ARC = YES;
				CLANG_ENABLE_OBJC_WEAK = YES;
				CLANG_WARN_BLOCK_CAPTURE_AUTORELEASING = YES;
				CLANG_WARN_BOOL_CONVERSION = YES;
				CLANG_WARN_COMMA = YES;
				CLANG_WARN_CONSTANT_CONVERSION = YES;
				CLANG_WARN_DEPRECATED_OBJC_IMPLEMENTATIONS = YES;
				CLANG_WARN_DIRECT_OBJC_ISA_USAGE = YES_ERROR;
				CLANG_WARN_DOCUMENTATION_COMMENTS = YES;
				CLANG_WARN_EMPTY_BODY = YES;
				CLANG_WARN_ENUM_CONVERSION = YES;
				CLANG_WARN_INFINITE_RECURSION = YES;
				CLANG_WARN_INT_CONVERSION = YES;
				CLANG_WARN_NON_LITERAL_NULL_CONVERSION = YES;
				CLANG_WARN_OBJC_IMPLICIT_RETAIN_SELF = YES;
				CLANG_WARN_OBJC_LITERAL_CONVERSION = YES;
				CLANG_WARN_OBJC_ROOT_CLASS = YES_ERROR;
				CLANG_WARN_QUOTED_INCLUDE_IN_FRAMEWORK_HEADER = YES;
				CLANG_WARN_RANGE_LOOP_ANALYSIS = YES;
				CLANG_WARN_STRICT_PROTOTYPES = YES;
				CLANG_WARN_SUSPICIOUS_MOVE = YES;
				CLANG_WARN_UNGUARDED_AVAILABILITY = YES_AGGRESSIVE;
				CLANG_WARN_UNREACHABLE_CODE = YES;
				CLANG_WARN__DUPLICATE_METHOD_MATCH = YES;
				COPY_PHASE_STRIP = NO;
				DEBUG_INFORMATION_FORMAT = dwarf;
				ENABLE_STRICT_OBJC_MSGSEND = YES;
				ENABLE_TESTABILITY = YES;
				GCC_C_LANGUAGE_STANDARD = gnu11;
				GCC_DYNAMIC_NO_PIC = NO;
				GCC_NO_COMMON_BLOCKS = YES;
				GCC_OPTIMIZATION_LEVEL = 0;
				GCC_PREPROCESSOR_DEFINITIONS = (
					"DEBUG=1",
					"$(inherited)",
				);
				GCC_WARN_64_TO_32_BIT_CONVERSION = YES;
				GCC_WARN_ABOUT_RETURN_TYPE = YES_ERROR;
				GCC_WARN_UNDECLARED_SELECTOR = YES;
				GCC_WARN_UNINITIALIZED_AUTOS = YES_AGGRESSIVE;
				GCC_WARN_UNUSED_FUNCTION = YES;
				GCC_WARN_UNUSED_VARIABLE = YES;
				IPHONEOS_DEPLOYMENT_TARGET = 14.2;
				MTL_ENABLE_DEBUG_INFO = INCLUDE_SOURCE;
				MTL_FAST_MATH = YES;
				ONLY_ACTIVE_ARCH = YES;
				SDKROOT = iphoneos;
				SWIFT_ACTIVE_COMPILATION_CONDITIONS = DEBUG;
				SWIFT_OPTIMIZATION_LEVEL = "-Onone";
			};
			name = Debug;
		};
		04ED60B126B58B5200755FAA /* Release */ = {
			isa = XCBuildConfiguration;
			buildSettings = {
				ALWAYS_SEARCH_USER_PATHS = NO;
				CLANG_ANALYZER_NONNULL = YES;
				CLANG_ANALYZER_NUMBER_OBJECT_CONVERSION = YES_AGGRESSIVE;
				CLANG_CXX_LANGUAGE_STANDARD = "gnu++14";
				CLANG_CXX_LIBRARY = "libc++";
				CLANG_ENABLE_MODULES = YES;
				CLANG_ENABLE_OBJC_ARC = YES;
				CLANG_ENABLE_OBJC_WEAK = YES;
				CLANG_WARN_BLOCK_CAPTURE_AUTORELEASING = YES;
				CLANG_WARN_BOOL_CONVERSION = YES;
				CLANG_WARN_COMMA = YES;
				CLANG_WARN_CONSTANT_CONVERSION = YES;
				CLANG_WARN_DEPRECATED_OBJC_IMPLEMENTATIONS = YES;
				CLANG_WARN_DIRECT_OBJC_ISA_USAGE = YES_ERROR;
				CLANG_WARN_DOCUMENTATION_COMMENTS = YES;
				CLANG_WARN_EMPTY_BODY = YES;
				CLANG_WARN_ENUM_CONVERSION = YES;
				CLANG_WARN_INFINITE_RECURSION = YES;
				CLANG_WARN_INT_CONVERSION = YES;
				CLANG_WARN_NON_LITERAL_NULL_CONVERSION = YES;
				CLANG_WARN_OBJC_IMPLICIT_RETAIN_SELF = YES;
				CLANG_WARN_OBJC_LITERAL_CONVERSION = YES;
				CLANG_WARN_OBJC_ROOT_CLASS = YES_ERROR;
				CLANG_WARN_QUOTED_INCLUDE_IN_FRAMEWORK_HEADER = YES;
				CLANG_WARN_RANGE_LOOP_ANALYSIS = YES;
				CLANG_WARN_STRICT_PROTOTYPES = YES;
				CLANG_WARN_SUSPICIOUS_MOVE = YES;
				CLANG_WARN_UNGUARDED_AVAILABILITY = YES_AGGRESSIVE;
				CLANG_WARN_UNREACHABLE_CODE = YES;
				CLANG_WARN__DUPLICATE_METHOD_MATCH = YES;
				COPY_PHASE_STRIP = NO;
				DEBUG_INFORMATION_FORMAT = "dwarf-with-dsym";
				ENABLE_NS_ASSERTIONS = NO;
				ENABLE_STRICT_OBJC_MSGSEND = YES;
				GCC_C_LANGUAGE_STANDARD = gnu11;
				GCC_NO_COMMON_BLOCKS = YES;
				GCC_WARN_64_TO_32_BIT_CONVERSION = YES;
				GCC_WARN_ABOUT_RETURN_TYPE = YES_ERROR;
				GCC_WARN_UNDECLARED_SELECTOR = YES;
				GCC_WARN_UNINITIALIZED_AUTOS = YES_AGGRESSIVE;
				GCC_WARN_UNUSED_FUNCTION = YES;
				GCC_WARN_UNUSED_VARIABLE = YES;
				IPHONEOS_DEPLOYMENT_TARGET = 14.2;
				MTL_ENABLE_DEBUG_INFO = NO;
				MTL_FAST_MATH = YES;
				SDKROOT = iphoneos;
				SWIFT_COMPILATION_MODE = wholemodule;
				SWIFT_OPTIMIZATION_LEVEL = "-O";
				VALIDATE_PRODUCT = YES;
			};
			name = Release;
		};
		04ED60B326B58B5200755FAA /* Debug */ = {
			isa = XCBuildConfiguration;
			buildSettings = {
				ASSETCATALOG_COMPILER_APPICON_NAME = AppIcon;
				ASSETCATALOG_COMPILER_GLOBAL_ACCENT_COLOR_NAME = AccentColor;
				CODE_SIGN_STYLE = Automatic;
				DEVELOPMENT_TEAM = 475B5HHBGZ;
				INFOPLIST_FILE = PikaTableView2/Info.plist;
				LD_RUNPATH_SEARCH_PATHS = (
					"$(inherited)",
					"@executable_path/Frameworks",
				);
				PRODUCT_BUNDLE_IDENTIFIER = codepath.PikaTableView2;
				PRODUCT_NAME = "$(TARGET_NAME)";
				SWIFT_VERSION = 5.0;
				TARGETED_DEVICE_FAMILY = "1,2";
			};
			name = Debug;
		};
		04ED60B426B58B5200755FAA /* Release */ = {
			isa = XCBuildConfiguration;
			buildSettings = {
				ASSETCATALOG_COMPILER_APPICON_NAME = AppIcon;
				ASSETCATALOG_COMPILER_GLOBAL_ACCENT_COLOR_NAME = AccentColor;
				CODE_SIGN_STYLE = Automatic;
				DEVELOPMENT_TEAM = 475B5HHBGZ;
				INFOPLIST_FILE = PikaTableView2/Info.plist;
				LD_RUNPATH_SEARCH_PATHS = (
					"$(inherited)",
					"@executable_path/Frameworks",
				);
				PRODUCT_BUNDLE_IDENTIFIER = codepath.PikaTableView2;
				PRODUCT_NAME = "$(TARGET_NAME)";
				SWIFT_VERSION = 5.0;
				TARGETED_DEVICE_FAMILY = "1,2";
			};
			name = Release;
		};
		04ED60B626B58B5200755FAA /* Debug */ = {
			isa = XCBuildConfiguration;
			buildSettings = {
				ALWAYS_EMBED_SWIFT_STANDARD_LIBRARIES = YES;
				BUNDLE_LOADER = "$(TEST_HOST)";
				CODE_SIGN_STYLE = Automatic;
				DEVELOPMENT_TEAM = 475B5HHBGZ;
				INFOPLIST_FILE = PikaTableView2Tests/Info.plist;
				IPHONEOS_DEPLOYMENT_TARGET = 14.2;
				LD_RUNPATH_SEARCH_PATHS = (
					"$(inherited)",
					"@executable_path/Frameworks",
					"@loader_path/Frameworks",
				);
				PRODUCT_BUNDLE_IDENTIFIER = codepath.PikaTableView2Tests;
				PRODUCT_NAME = "$(TARGET_NAME)";
				SWIFT_VERSION = 5.0;
				TARGETED_DEVICE_FAMILY = "1,2";
				TEST_HOST = "$(BUILT_PRODUCTS_DIR)/PikaTableView2.app/PikaTableView2";
			};
			name = Debug;
		};
		04ED60B726B58B5200755FAA /* Release */ = {
			isa = XCBuildConfiguration;
			buildSettings = {
				ALWAYS_EMBED_SWIFT_STANDARD_LIBRARIES = YES;
				BUNDLE_LOADER = "$(TEST_HOST)";
				CODE_SIGN_STYLE = Automatic;
				DEVELOPMENT_TEAM = 475B5HHBGZ;
				INFOPLIST_FILE = PikaTableView2Tests/Info.plist;
				IPHONEOS_DEPLOYMENT_TARGET = 14.2;
				LD_RUNPATH_SEARCH_PATHS = (
					"$(inherited)",
					"@executable_path/Frameworks",
					"@loader_path/Frameworks",
				);
				PRODUCT_BUNDLE_IDENTIFIER = codepath.PikaTableView2Tests;
				PRODUCT_NAME = "$(TARGET_NAME)";
				SWIFT_VERSION = 5.0;
				TARGETED_DEVICE_FAMILY = "1,2";
				TEST_HOST = "$(BUILT_PRODUCTS_DIR)/PikaTableView2.app/PikaTableView2";
			};
			name = Release;
		};
		04ED60B926B58B5200755FAA /* Debug */ = {
			isa = XCBuildConfiguration;
			buildSettings = {
				ALWAYS_EMBED_SWIFT_STANDARD_LIBRARIES = YES;
				CODE_SIGN_STYLE = Automatic;
				DEVELOPMENT_TEAM = 475B5HHBGZ;
				INFOPLIST_FILE = PikaTableView2UITests/Info.plist;
				LD_RUNPATH_SEARCH_PATHS = (
					"$(inherited)",
					"@executable_path/Frameworks",
					"@loader_path/Frameworks",
				);
				PRODUCT_BUNDLE_IDENTIFIER = codepath.PikaTableView2UITests;
				PRODUCT_NAME = "$(TARGET_NAME)";
				SWIFT_VERSION = 5.0;
				TARGETED_DEVICE_FAMILY = "1,2";
				TEST_TARGET_NAME = PikaTableView2;
			};
			name = Debug;
		};
		04ED60BA26B58B5200755FAA /* Release */ = {
			isa = XCBuildConfiguration;
			buildSettings = {
				ALWAYS_EMBED_SWIFT_STANDARD_LIBRARIES = YES;
				CODE_SIGN_STYLE = Automatic;
				DEVELOPMENT_TEAM = 475B5HHBGZ;
				INFOPLIST_FILE = PikaTableView2UITests/Info.plist;
				LD_RUNPATH_SEARCH_PATHS = (
					"$(inherited)",
					"@executable_path/Frameworks",
					"@loader_path/Frameworks",
				);
				PRODUCT_BUNDLE_IDENTIFIER = codepath.PikaTableView2UITests;
				PRODUCT_NAME = "$(TARGET_NAME)";
				SWIFT_VERSION = 5.0;
				TARGETED_DEVICE_FAMILY = "1,2";
				TEST_TARGET_NAME = PikaTableView2;
			};
			name = Release;
		};
/* End XCBuildConfiguration section */

/* Begin XCConfigurationList section */
		04ED608326B58B4E00755FAA /* Build configuration list for PBXProject "PikaTableView2" */ = {
			isa = XCConfigurationList;
			buildConfigurations = (
				04ED60B026B58B5200755FAA /* Debug */,
				04ED60B126B58B5200755FAA /* Release */,
			);
			defaultConfigurationIsVisible = 0;
			defaultConfigurationName = Release;
		};
		04ED60B226B58B5200755FAA /* Build configuration list for PBXNativeTarget "PikaTableView2" */ = {
			isa = XCConfigurationList;
			buildConfigurations = (
				04ED60B326B58B5200755FAA /* Debug */,
				04ED60B426B58B5200755FAA /* Release */,
			);
			defaultConfigurationIsVisible = 0;
			defaultConfigurationName = Release;
		};
		04ED60B526B58B5200755FAA /* Build configuration list for PBXNativeTarget "PikaTableView2Tests" */ = {
			isa = XCConfigurationList;
			buildConfigurations = (
				04ED60B626B58B5200755FAA /* Debug */,
				04ED60B726B58B5200755FAA /* Release */,
			);
			defaultConfigurationIsVisible = 0;
			defaultConfigurationName = Release;
		};
		04ED60B826B58B5200755FAA /* Build configuration list for PBXNativeTarget "PikaTableView2UITests" */ = {
			isa = XCConfigurationList;
			buildConfigurations = (
				04ED60B926B58B5200755FAA /* Debug */,
				04ED60BA26B58B5200755FAA /* Release */,
			);
			defaultConfigurationIsVisible = 0;
			defaultConfigurationName = Release;
		};
/* End XCConfigurationList section */
	};
	rootObject = 04ED608026B58B4E00755FAA /* Project object */;
}
